{
  "nodes": {
    "nixpkgs": {
      "locked": {
        "lastModified": 1708943256,
        "narHash": "sha256-K9VeHrhXsigdhNMZ8hqAk7jtRy4ollqhkYYNZqbfssg=",
        "owner": "NixOS",
        "repo": "nixpkgs",
        "rev": "fcea2b6260dd566c28c894b4207a5f2b56c2cba3",
        "type": "github"
      },
      "original": {
        "id": "nixpkgs",
        "type": "indirect"
      }
    },
    "nixpkgs_2": {
      "locked": {
        "lastModified": 1701253981,
        "narHash": "sha256-ztaDIyZ7HrTAfEEUt9AtTDNoCYxUdSd6NrRHaYOIxtk=",
        "owner": "NixOS",
        "repo": "nixpkgs",
        "rev": "e92039b55bcd58469325ded85d4f58dd5a4eaf58",
        "type": "github"
      },
      "original": {
        "owner": "NixOS",
        "ref": "nixos-unstable",
        "repo": "nixpkgs",
        "type": "github"
      }
    },
    "openwrt-imagebuilder": {
      "inputs": {
        "nixpkgs": "nixpkgs_2"
      },
      "locked": {
        "lastModified": 1708941555,
        "narHash": "sha256-LB2f6ofygV2hzHhHlHN/ZFGnNn+kRkmqNEduBXXi00w=",
        "owner": "astro",
        "repo": "nix-openwrt-imagebuilder",
        "rev": "fadf9040da7d59a20420a5591def74df250288e7",
        "type": "github"
      },
      "original": {
        "owner": "astro",
        "repo": "nix-openwrt-imagebuilder",
        "type": "github"
      }
    },
    "root": {
      "inputs": {
        "nixpkgs": "nixpkgs",
        "openwrt-imagebuilder": "openwrt-imagebuilder"
      }
    }
  },
  "root": "root",
  "version": 7
}
