{
  "nodes": {
    "nixpkgs": {
      "locked": {
        "lastModified": 1709069307,
        "narHash": "sha256-ER6N232jucnqu4+AK80RdmgBDuk61FAqmp36EMqkQns=",
        "owner": "NixOS",
        "repo": "nixpkgs",
        "rev": "9c1ea5e3a2a2578792438cba233f2763593e19c5",
        "type": "github"
      },
      "original": {
        "id": "nixpkgs",
        "type": "indirect"
      }
    },
    "nixpkgs_2": {
      "locked": {
        "lastModified": 1701253981,
        "narHash": "sha256-ztaDIyZ7HrTAfEEUt9AtTDNoCYxUdSd6NrRHaYOIxtk=",
        "owner": "NixOS",
        "repo": "nixpkgs",
        "rev": "e92039b55bcd58469325ded85d4f58dd5a4eaf58",
        "type": "github"
      },
      "original": {
        "owner": "NixOS",
        "ref": "nixos-unstable",
        "repo": "nixpkgs",
        "type": "github"
      }
    },
    "openwrt-imagebuilder": {
      "inputs": {
        "nixpkgs": "nixpkgs_2"
      },
      "locked": {
        "lastModified": 1709030219,
        "narHash": "sha256-C8bQhQ2y+arY1vACoo/Oy3dkfN9vtg+kX/RlFEQZuEc=",
        "owner": "astro",
        "repo": "nix-openwrt-imagebuilder",
        "rev": "b069c2cfdafd3082bc3eff0b8e8643f835c40c50",
        "type": "github"
      },
      "original": {
        "owner": "astro",
        "repo": "nix-openwrt-imagebuilder",
        "type": "github"
      }
    },
    "root": {
      "inputs": {
        "nixpkgs": "nixpkgs",
        "openwrt-imagebuilder": "openwrt-imagebuilder"
      }
    }
  },
  "root": "root",
  "version": 7
}
