{
  "nodes": {
    "nixpkgs": {
      "locked": {
        "lastModified": 1693060755,
        "narHash": "sha256-KNsbfqewEziFJEpPR0qvVz4rx0x6QXxw1CcunRhlFdk=",
        "owner": "NixOS",
        "repo": "nixpkgs",
        "rev": "c66ccfa00c643751da2fd9290e096ceaa30493fc",
        "type": "github"
      },
      "original": {
        "id": "nixpkgs",
        "type": "indirect"
      }
    },
    "nixpkgs_2": {
      "locked": {
        "lastModified": 1686592866,
        "narHash": "sha256-riGg89eWhXJcPNrQGcSwTEEm7CGxWC06oSX44hajeMw=",
        "owner": "NixOS",
        "repo": "nixpkgs",
        "rev": "0eeebd64de89e4163f4d3cf34ffe925a5cf67a05",
        "type": "github"
      },
      "original": {
        "owner": "NixOS",
        "ref": "nixos-unstable",
        "repo": "nixpkgs",
        "type": "github"
      }
    },
    "openwrt-imagebuilder": {
      "inputs": {
        "nixpkgs": "nixpkgs_2"
      },
      "locked": {
        "lastModified": 1693044887,
        "narHash": "sha256-oQCWm7mHIKThK1X2T66XDg49D+kqge9j3TuzNzFpZOA=",
        "owner": "astro",
        "repo": "nix-openwrt-imagebuilder",
        "rev": "d101d9cdff7372910f27455cf76bb0d9525b40b3",
        "type": "github"
      },
      "original": {
        "owner": "astro",
        "repo": "nix-openwrt-imagebuilder",
        "type": "github"
      }
    },
    "root": {
      "inputs": {
        "nixpkgs": "nixpkgs",
        "openwrt-imagebuilder": "openwrt-imagebuilder"
      }
    }
  },
  "root": "root",
  "version": 7
}
