{
  "nodes": {
    "nixpkgs": {
      "locked": {
        "lastModified": 1687130670,
        "narHash": "sha256-VKTdfsJe7sVTTqxTd3eRGPoUgEeJKD+kwS86B6TY874=",
        "owner": "NixOS",
        "repo": "nixpkgs",
        "rev": "c1bca7fe84c646cfd4ebf3482c0e6317a0b13f22",
        "type": "github"
      },
      "original": {
        "id": "nixpkgs",
        "type": "indirect"
      }
    },
    "nixpkgs_2": {
      "locked": {
        "lastModified": 1686592866,
        "narHash": "sha256-riGg89eWhXJcPNrQGcSwTEEm7CGxWC06oSX44hajeMw=",
        "owner": "NixOS",
        "repo": "nixpkgs",
        "rev": "0eeebd64de89e4163f4d3cf34ffe925a5cf67a05",
        "type": "github"
      },
      "original": {
        "owner": "NixOS",
        "ref": "nixos-unstable",
        "repo": "nixpkgs",
        "type": "github"
      }
    },
    "openwrt-imagebuilder": {
      "inputs": {
        "nixpkgs": "nixpkgs_2"
      },
      "locked": {
        "lastModified": 1687209834,
        "narHash": "sha256-q8fy03DlkCf3myEzBJ3DNSZi9gMvAc1OnoIU0LxBQ6E=",
        "owner": "astro",
        "repo": "nix-openwrt-imagebuilder",
        "rev": "67ce3d103cb29c33e781d9fa219651799e7db09e",
        "type": "github"
      },
      "original": {
        "owner": "astro",
        "repo": "nix-openwrt-imagebuilder",
        "type": "github"
      }
    },
    "root": {
      "inputs": {
        "nixpkgs": "nixpkgs",
        "openwrt-imagebuilder": "openwrt-imagebuilder"
      }
    }
  },
  "root": "root",
  "version": 7
}
