{
  "nodes": {
    "nixpkgs": {
      "locked": {
        "lastModified": 1706925685,
        "narHash": "sha256-hVInjWMmgH4yZgA4ZtbgJM1qEAel72SYhP5nOWX4UIM=",
        "owner": "NixOS",
        "repo": "nixpkgs",
        "rev": "79a13f1437e149dc7be2d1290c74d378dad60814",
        "type": "github"
      },
      "original": {
        "id": "nixpkgs",
        "type": "indirect"
      }
    },
    "nixpkgs_2": {
      "locked": {
        "lastModified": 1701253981,
        "narHash": "sha256-ztaDIyZ7HrTAfEEUt9AtTDNoCYxUdSd6NrRHaYOIxtk=",
        "owner": "NixOS",
        "repo": "nixpkgs",
        "rev": "e92039b55bcd58469325ded85d4f58dd5a4eaf58",
        "type": "github"
      },
      "original": {
        "owner": "NixOS",
        "ref": "nixos-unstable",
        "repo": "nixpkgs",
        "type": "github"
      }
    },
    "openwrt-imagebuilder": {
      "inputs": {
        "nixpkgs": "nixpkgs_2"
      },
      "locked": {
        "lastModified": 1707040696,
        "narHash": "sha256-joe9ACHZql69C4vW4NfrV2pt1Tj9W0umYlKma9nrGe8=",
        "owner": "astro",
        "repo": "nix-openwrt-imagebuilder",
        "rev": "a288a4b0d2ae43c87dbe44e39214d5c48c3fc0f0",
        "type": "github"
      },
      "original": {
        "owner": "astro",
        "repo": "nix-openwrt-imagebuilder",
        "type": "github"
      }
    },
    "root": {
      "inputs": {
        "nixpkgs": "nixpkgs",
        "openwrt-imagebuilder": "openwrt-imagebuilder"
      }
    }
  },
  "root": "root",
  "version": 7
}
